{
    "_meta": {
        "hash": {
            "sha256": "066780a574cd018a25cb627ed42145284771f6abb47265d18e8d386d03c2bc0d"
        },
        "pipfile-spec": 6,
        "requires": {
            "python_version": "3.8"
        },
        "sources": [
            {
                "name": "pypi",
                "url": "https://pypi.org/simple",
                "verify_ssl": true
            }
        ]
    },
    "default": {
        "toml": {
            "hashes": [
                "sha256:8e86bd6ce8cc11b9620cb637466453d94f5d57ad86f17e98a98d1f73e3baab2d"
            ],
            "index": "pypi",
            "version": "==0.9.4"
        }
    },
    "develop": {}
}
